// !$*UTF8*$!
{
	archiveVersion = 1;
	classes = {
	};
	objectVersion = 46;
	objects = {

/* Begin PBXBuildFile section */
		2218C7D91B760198004BCFBC /* AppDelegate.swift in Sources */ = {isa = PBXBuildFile; fileRef = 2218C7D81B760198004BCFBC /* AppDelegate.swift */; };
		2218C7DB1B760198004BCFBC /* ViewController.swift in Sources */ = {isa = PBXBuildFile; fileRef = 2218C7DA1B760198004BCFBC /* ViewController.swift */; };
		2218C7DE1B760198004BCFBC /* Main.storyboard in Resources */ = {isa = PBXBuildFile; fileRef = 2218C7DC1B760198004BCFBC /* Main.storyboard */; };
		2218C7E01B760198004BCFBC /* Assets.xcassets in Resources */ = {isa = PBXBuildFile; fileRef = 2218C7DF1B760198004BCFBC /* Assets.xcassets */; };
		2218C7E31B760198004BCFBC /* LaunchScreen.storyboard in Resources */ = {isa = PBXBuildFile; fileRef = 2218C7E11B760198004BCFBC /* LaunchScreen.storyboard */; };
		2218C7EE1B760198004BCFBC /* Buildkite_Fastlane_DemoTests.swift in Sources */ = {isa = PBXBuildFile; fileRef = 2218C7ED1B760198004BCFBC /* Buildkite_Fastlane_DemoTests.swift */; };
		2218C7F91B760198004BCFBC /* Buildkite_Fastlane_DemoUITests.swift in Sources */ = {isa = PBXBuildFile; fileRef = 2218C7F81B760198004BCFBC /* Buildkite_Fastlane_DemoUITests.swift */; };
/* End PBXBuildFile section */

/* Begin PBXContainerItemProxy section */
		2218C7EA1B760198004BCFBC /* PBXContainerItemProxy */ = {
			isa = PBXContainerItemProxy;
			containerPortal = 2218C7CD1B760198004BCFBC /* Project object */;
			proxyType = 1;
			remoteGlobalIDString = 2218C7D41B760198004BCFBC;
			remoteInfo = "Buildkite Fastlane Demo";
		};
		2218C7F51B760198004BCFBC /* PBXContainerItemProxy */ = {
			isa = PBXContainerItemProxy;
			containerPortal = 2218C7CD1B760198004BCFBC /* Project object */;
			proxyType = 1;
			remoteGlobalIDString = 2218C7D41B760198004BCFBC;
			remoteInfo = "Buildkite Fastlane Demo";
		};
/* End PBXContainerItemProxy section */

/* Begin PBXFileReference section */
		2218C7D51B760198004BCFBC /* Buildkite Fastlane Demo.app */ = {isa = PBXFileReference; explicitFileType = wrapper.application; includeInIndex = 0; path = "Buildkite Fastlane Demo.app"; sourceTree = BUILT_PRODUCTS_DIR; };
		2218C7D81B760198004BCFBC /* AppDelegate.swift */ = {isa = PBXFileReference; lastKnownFileType = sourcecode.swift; path = AppDelegate.swift; sourceTree = "<group>"; };
		2218C7DA1B760198004BCFBC /* ViewController.swift */ = {isa = PBXFileReference; lastKnownFileType = sourcecode.swift; path = ViewController.swift; sourceTree = "<group>"; };
		2218C7DD1B760198004BCFBC /* Base */ = {isa = PBXFileReference; lastKnownFileType = file.storyboard; name = Base; path = Base.lproj/Main.storyboard; sourceTree = "<group>"; };
		2218C7DF1B760198004BCFBC /* Assets.xcassets */ = {isa = PBXFileReference; lastKnownFileType = folder.assetcatalog; path = Assets.xcassets; sourceTree = "<group>"; };
		2218C7E21B760198004BCFBC /* Base */ = {isa = PBXFileReference; lastKnownFileType = file.storyboard; name = Base; path = Base.lproj/LaunchScreen.storyboard; sourceTree = "<group>"; };
		2218C7E41B760198004BCFBC /* Info.plist */ = {isa = PBXFileReference; lastKnownFileType = text.plist.xml; path = Info.plist; sourceTree = "<group>"; };
		2218C7E91B760198004BCFBC /* Buildkite Fastlane DemoTests.xctest */ = {isa = PBXFileReference; explicitFileType = wrapper.cfbundle; includeInIndex = 0; path = "Buildkite Fastlane DemoTests.xctest"; sourceTree = BUILT_PRODUCTS_DIR; };
		2218C7ED1B760198004BCFBC /* Buildkite_Fastlane_DemoTests.swift */ = {isa = PBXFileReference; lastKnownFileType = sourcecode.swift; path = Buildkite_Fastlane_DemoTests.swift; sourceTree = "<group>"; };
		2218C7EF1B760198004BCFBC /* Info.plist */ = {isa = PBXFileReference; lastKnownFileType = text.plist.xml; path = Info.plist; sourceTree = "<group>"; };
		2218C7F41B760198004BCFBC /* Buildkite Fastlane DemoUITests.xctest */ = {isa = PBXFileReference; explicitFileType = wrapper.cfbundle; includeInIndex = 0; path = "Buildkite Fastlane DemoUITests.xctest"; sourceTree = BUILT_PRODUCTS_DIR; };
		2218C7F81B760198004BCFBC /* Buildkite_Fastlane_DemoUITests.swift */ = {isa = PBXFileReference; lastKnownFileType = sourcecode.swift; path = Buildkite_Fastlane_DemoUITests.swift; sourceTree = "<group>"; };
		2218C7FA1B760198004BCFBC /* Info.plist */ = {isa = PBXFileReference; lastKnownFileType = text.plist.xml; path = Info.plist; sourceTree = "<group>"; };
/* End PBXFileReference section */

/* Begin PBXFrameworksBuildPhase section */
		2218C7D21B760198004BCFBC /* Frameworks */ = {
			isa = PBXFrameworksBuildPhase;
			buildActionMask = 2147483647;
			files = (
			);
			runOnlyForDeploymentPostprocessing = 0;
		};
		2218C7E61B760198004BCFBC /* Frameworks */ = {
			isa = PBXFrameworksBuildPhase;
			buildActionMask = 2147483647;
			files = (
			);
			runOnlyForDeploymentPostprocessing = 0;
		};
		2218C7F11B760198004BCFBC /* Frameworks */ = {
			isa = PBXFrameworksBuildPhase;
			buildActionMask = 2147483647;
			files = (
			);
			runOnlyForDeploymentPostprocessing = 0;
		};
/* End PBXFrameworksBuildPhase section */

/* Begin PBXGroup section */
		2218C7CC1B760198004BCFBC = {
			isa = PBXGroup;
			children = (
				2218C7D71B760198004BCFBC /* Buildkite Fastlane Demo */,
				2218C7EC1B760198004BCFBC /* Buildkite Fastlane DemoTests */,
				2218C7F71B760198004BCFBC /* Buildkite Fastlane DemoUITests */,
				2218C7D61B760198004BCFBC /* Products */,
			);
			sourceTree = "<group>";
		};
		2218C7D61B760198004BCFBC /* Products */ = {
			isa = PBXGroup;
			children = (
				2218C7D51B760198004BCFBC /* Buildkite Fastlane Demo.app */,
				2218C7E91B760198004BCFBC /* Buildkite Fastlane DemoTests.xctest */,
				2218C7F41B760198004BCFBC /* Buildkite Fastlane DemoUITests.xctest */,
			);
			name = Products;
			sourceTree = "<group>";
		};
		2218C7D71B760198004BCFBC /* Buildkite Fastlane Demo */ = {
			isa = PBXGroup;
			children = (
				2218C7D81B760198004BCFBC /* AppDelegate.swift */,
				2218C7DA1B760198004BCFBC /* ViewController.swift */,
				2218C7DC1B760198004BCFBC /* Main.storyboard */,
				2218C7DF1B760198004BCFBC /* Assets.xcassets */,
				2218C7E11B760198004BCFBC /* LaunchScreen.storyboard */,
				2218C7E41B760198004BCFBC /* Info.plist */,
			);
			path = "Buildkite Fastlane Demo";
			sourceTree = "<group>";
		};
		2218C7EC1B760198004BCFBC /* Buildkite Fastlane DemoTests */ = {
			isa = PBXGroup;
			children = (
				2218C7ED1B760198004BCFBC /* Buildkite_Fastlane_DemoTests.swift */,
				2218C7EF1B760198004BCFBC /* Info.plist */,
			);
			path = "Buildkite Fastlane DemoTests";
			sourceTree = "<group>";
		};
		2218C7F71B760198004BCFBC /* Buildkite Fastlane DemoUITests */ = {
			isa = PBXGroup;
			children = (
				2218C7F81B760198004BCFBC /* Buildkite_Fastlane_DemoUITests.swift */,
				2218C7FA1B760198004BCFBC /* Info.plist */,
			);
			path = "Buildkite Fastlane DemoUITests";
			sourceTree = "<group>";
		};
/* End PBXGroup section */

/* Begin PBXNativeTarget section */
		2218C7D41B760198004BCFBC /* Buildkite Fastlane Demo */ = {
			isa = PBXNativeTarget;
			buildConfigurationList = 2218C7FD1B760198004BCFBC /* Build configuration list for PBXNativeTarget "Buildkite Fastlane Demo" */;
			buildPhases = (
				2218C7D11B760198004BCFBC /* Sources */,
				2218C7D21B760198004BCFBC /* Frameworks */,
				2218C7D31B760198004BCFBC /* Resources */,
			);
			buildRules = (
			);
			dependencies = (
			);
			name = "Buildkite Fastlane Demo";
			productName = "Buildkite Fastlane Demo";
			productReference = 2218C7D51B760198004BCFBC /* Buildkite Fastlane Demo.app */;
			productType = "com.apple.product-type.application";
		};
		2218C7E81B760198004BCFBC /* Buildkite Fastlane DemoTests */ = {
			isa = PBXNativeTarget;
			buildConfigurationList = 2218C8001B760198004BCFBC /* Build configuration list for PBXNativeTarget "Buildkite Fastlane DemoTests" */;
			buildPhases = (
				2218C7E51B760198004BCFBC /* Sources */,
				2218C7E61B760198004BCFBC /* Frameworks */,
				2218C7E71B760198004BCFBC /* Resources */,
			);
			buildRules = (
			);
			dependencies = (
				2218C7EB1B760198004BCFBC /* PBXTargetDependency */,
			);
			name = "Buildkite Fastlane DemoTests";
			productName = "Buildkite Fastlane DemoTests";
			productReference = 2218C7E91B760198004BCFBC /* Buildkite Fastlane DemoTests.xctest */;
			productType = "com.apple.product-type.bundle.unit-test";
		};
		2218C7F31B760198004BCFBC /* Buildkite Fastlane DemoUITests */ = {
			isa = PBXNativeTarget;
			buildConfigurationList = 2218C8031B760198004BCFBC /* Build configuration list for PBXNativeTarget "Buildkite Fastlane DemoUITests" */;
			buildPhases = (
				2218C7F01B760198004BCFBC /* Sources */,
				2218C7F11B760198004BCFBC /* Frameworks */,
				2218C7F21B760198004BCFBC /* Resources */,
			);
			buildRules = (
			);
			dependencies = (
				2218C7F61B760198004BCFBC /* PBXTargetDependency */,
			);
			name = "Buildkite Fastlane DemoUITests";
			productName = "Buildkite Fastlane DemoUITests";
			productReference = 2218C7F41B760198004BCFBC /* Buildkite Fastlane DemoUITests.xctest */;
			productType = "com.apple.product-type.bundle.ui-testing";
		};
/* End PBXNativeTarget section */

/* Begin PBXProject section */
		2218C7CD1B760198004BCFBC /* Project object */ = {
			isa = PBXProject;
			attributes = {
				LastUpgradeCheck = 0700;
				ORGANIZATIONNAME = Buildkite;
				TargetAttributes = {
					2218C7D41B760198004BCFBC = {
						CreatedOnToolsVersion = 7.0;
					};
					2218C7E81B760198004BCFBC = {
						CreatedOnToolsVersion = 7.0;
						TestTargetID = 2218C7D41B760198004BCFBC;
					};
					2218C7F31B760198004BCFBC = {
						CreatedOnToolsVersion = 7.0;
						TestTargetID = 2218C7D41B760198004BCFBC;
					};
				};
			};
			buildConfigurationList = 2218C7D01B760198004BCFBC /* Build configuration list for PBXProject "Buildkite Fastlane Demo" */;
			compatibilityVersion = "Xcode 3.2";
			developmentRegion = English;
			hasScannedForEncodings = 0;
			knownRegions = (
				en,
				Base,
			);
			mainGroup = 2218C7CC1B760198004BCFBC;
			productRefGroup = 2218C7D61B760198004BCFBC /* Products */;
			projectDirPath = "";
			projectRoot = "";
			targets = (
				2218C7D41B760198004BCFBC /* Buildkite Fastlane Demo */,
				2218C7E81B760198004BCFBC /* Buildkite Fastlane DemoTests */,
				2218C7F31B760198004BCFBC /* Buildkite Fastlane DemoUITests */,
			);
		};
/* End PBXProject section */

/* Begin PBXResourcesBuildPhase section */
		2218C7D31B760198004BCFBC /* Resources */ = {
			isa = PBXResourcesBuildPhase;
			buildActionMask = 2147483647;
			files = (
				2218C7E31B760198004BCFBC /* LaunchScreen.storyboard in Resources */,
				2218C7E01B760198004BCFBC /* Assets.xcassets in Resources */,
				2218C7DE1B760198004BCFBC /* Main.storyboard in Resources */,
			);
			runOnlyForDeploymentPostprocessing = 0;
		};
		2218C7E71B760198004BCFBC /* Resources */ = {
			isa = PBXResourcesBuildPhase;
			buildActionMask = 2147483647;
			files = (
			);
			runOnlyForDeploymentPostprocessing = 0;
		};
		2218C7F21B760198004BCFBC /* Resources */ = {
			isa = PBXResourcesBuildPhase;
			buildActionMask = 2147483647;
			files = (
			);
			runOnlyForDeploymentPostprocessing = 0;
		};
/* End PBXResourcesBuildPhase section */

/* Begin PBXSourcesBuildPhase section */
		2218C7D11B760198004BCFBC /* Sources */ = {
			isa = PBXSourcesBuildPhase;
			buildActionMask = 2147483647;
			files = (
				2218C7DB1B760198004BCFBC /* ViewController.swift in Sources */,
				2218C7D91B760198004BCFBC /* AppDelegate.swift in Sources */,
			);
			runOnlyForDeploymentPostprocessing = 0;
		};
		2218C7E51B760198004BCFBC /* Sources */ = {
			isa = PBXSourcesBuildPhase;
			buildActionMask = 2147483647;
			files = (
				2218C7EE1B760198004BCFBC /* Buildkite_Fastlane_DemoTests.swift in Sources */,
			);
			runOnlyForDeploymentPostprocessing = 0;
		};
		2218C7F01B760198004BCFBC /* Sources */ = {
			isa = PBXSourcesBuildPhase;
			buildActionMask = 2147483647;
			files = (
				2218C7F91B760198004BCFBC /* Buildkite_Fastlane_DemoUITests.swift in Sources */,
			);
			runOnlyForDeploymentPostprocessing = 0;
		};
/* End PBXSourcesBuildPhase section */

/* Begin PBXTargetDependency section */
		2218C7EB1B760198004BCFBC /* PBXTargetDependency */ = {
			isa = PBXTargetDependency;
			target = 2218C7D41B760198004BCFBC /* Buildkite Fastlane Demo */;
			targetProxy = 2218C7EA1B760198004BCFBC /* PBXContainerItemProxy */;
		};
		2218C7F61B760198004BCFBC /* PBXTargetDependency */ = {
			isa = PBXTargetDependency;
			target = 2218C7D41B760198004BCFBC /* Buildkite Fastlane Demo */;
			targetProxy = 2218C7F51B760198004BCFBC /* PBXContainerItemProxy */;
		};
/* End PBXTargetDependency section */

/* Begin PBXVariantGroup section */
		2218C7DC1B760198004BCFBC /* Main.storyboard */ = {
			isa = PBXVariantGroup;
			children = (
				2218C7DD1B760198004BCFBC /* Base */,
			);
			name = Main.storyboard;
			sourceTree = "<group>";
		};
		2218C7E11B760198004BCFBC /* LaunchScreen.storyboard */ = {
			isa = PBXVariantGroup;
			children = (
				2218C7E21B760198004BCFBC /* Base */,
			);
			name = LaunchScreen.storyboard;
			sourceTree = "<group>";
		};
/* End PBXVariantGroup section */

/* Begin XCBuildConfiguration section */
		2218C7FB1B760198004BCFBC /* Debug */ = {
			isa = XCBuildConfiguration;
			buildSettings = {
				ALWAYS_SEARCH_USER_PATHS = NO;
				CLANG_CXX_LANGUAGE_STANDARD = "gnu++0x";
				CLANG_CXX_LIBRARY = "libc++";
				CLANG_ENABLE_MODULES = YES;
				CLANG_ENABLE_OBJC_ARC = YES;
				CLANG_WARN_BOOL_CONVERSION = YES;
				CLANG_WARN_CONSTANT_CONVERSION = YES;
				CLANG_WARN_DIRECT_OBJC_ISA_USAGE = YES_ERROR;
				CLANG_WARN_EMPTY_BODY = YES;
				CLANG_WARN_ENUM_CONVERSION = YES;
				CLANG_WARN_INT_CONVERSION = YES;
				CLANG_WARN_OBJC_ROOT_CLASS = YES_ERROR;
				CLANG_WARN_UNREACHABLE_CODE = YES;
				CLANG_WARN__DUPLICATE_METHOD_MATCH = YES;
				"CODE_SIGN_IDENTITY[sdk=iphoneos*]" = "iPhone Developer";
				COPY_PHASE_STRIP = NO;
				DEBUG_INFORMATION_FORMAT = dwarf;
				ENABLE_STRICT_OBJC_MSGSEND = YES;
				ENABLE_TESTABILITY = YES;
				GCC_C_LANGUAGE_STANDARD = gnu99;
				GCC_DYNAMIC_NO_PIC = NO;
				GCC_NO_COMMON_BLOCKS = YES;
				GCC_OPTIMIZATION_LEVEL = 0;
				GCC_PREPROCESSOR_DEFINITIONS = (
					"DEBUG=1",
					"$(inherited)",
				);
				GCC_WARN_64_TO_32_BIT_CONVERSION = YES;
				GCC_WARN_ABOUT_RETURN_TYPE = YES_ERROR;
				GCC_WARN_UNDECLARED_SELECTOR = YES;
				GCC_WARN_UNINITIALIZED_AUTOS = YES_AGGRESSIVE;
				GCC_WARN_UNUSED_FUNCTION = YES;
				GCC_WARN_UNUSED_VARIABLE = YES;
				IPHONEOS_DEPLOYMENT_TARGET = 9.0;
				MTL_ENABLE_DEBUG_INFO = YES;
				ONLY_ACTIVE_ARCH = YES;
				SDKROOT = iphoneos;
				SWIFT_OPTIMIZATION_LEVEL = "-Onone";
				TARGETED_DEVICE_FAMILY = "1,2";
			};
			name = Debug;
		};
		2218C7FC1B760198004BCFBC /* Release */ = {
			isa = XCBuildConfiguration;
			buildSettings = {
				ALWAYS_SEARCH_USER_PATHS = NO;
				CLANG_CXX_LANGUAGE_STANDARD = "gnu++0x";
				CLANG_CXX_LIBRARY = "libc++";
				CLANG_ENABLE_MODULES = YES;
				CLANG_ENABLE_OBJC_ARC = YES;
				CLANG_WARN_BOOL_CONVERSION = YES;
				CLANG_WARN_CONSTANT_CONVERSION = YES;
				CLANG_WARN_DIRECT_OBJC_ISA_USAGE = YES_ERROR;
				CLANG_WARN_EMPTY_BODY = YES;
				CLANG_WARN_ENUM_CONVERSION = YES;
				CLANG_WARN_INT_CONVERSION = YES;
				CLANG_WARN_OBJC_ROOT_CLASS = YES_ERROR;
				CLANG_WARN_UNREACHABLE_CODE = YES;
				CLANG_WARN__DUPLICATE_METHOD_MATCH = YES;
				"CODE_SIGN_IDENTITY[sdk=iphoneos*]" = "iPhone Developer";
				COPY_PHASE_STRIP = NO;
				DEBUG_INFORMATION_FORMAT = "dwarf-with-dsym";
				ENABLE_NS_ASSERTIONS = NO;
				ENABLE_STRICT_OBJC_MSGSEND = YES;
				GCC_C_LANGUAGE_STANDARD = gnu99;
				GCC_NO_COMMON_BLOCKS = YES;
				GCC_WARN_64_TO_32_BIT_CONVERSION = YES;
				GCC_WARN_ABOUT_RETURN_TYPE = YES_ERROR;
				GCC_WARN_UNDECLARED_SELECTOR = YES;
				GCC_WARN_UNINITIALIZED_AUTOS = YES_AGGRESSIVE;
				GCC_WARN_UNUSED_FUNCTION = YES;
				GCC_WARN_UNUSED_VARIABLE = YES;
				IPHONEOS_DEPLOYMENT_TARGET = 9.0;
				MTL_ENABLE_DEBUG_INFO = NO;
				SDKROOT = iphoneos;
				TARGETED_DEVICE_FAMILY = "1,2";
				VALIDATE_PRODUCT = YES;
			};
			name = Release;
		};
		2218C7FE1B760198004BCFBC /* Debug */ = {
			isa = XCBuildConfiguration;
			buildSettings = {
				ASSETCATALOG_COMPILER_APPICON_NAME = AppIcon;
				INFOPLIST_FILE = "Buildkite Fastlane Demo/Info.plist";
				LD_RUNPATH_SEARCH_PATHS = "$(inherited) @executable_path/Frameworks";
				PRODUCT_BUNDLE_IDENTIFIER = "com.buildkite.Buildkite-Fastlane-Demo";
				PRODUCT_NAME = "$(TARGET_NAME)";
			};
			name = Debug;
		};
		2218C7FF1B760198004BCFBC /* Release */ = {
			isa = XCBuildConfiguration;
			buildSettings = {
				ASSETCATALOG_COMPILER_APPICON_NAME = AppIcon;
				INFOPLIST_FILE = "Buildkite Fastlane Demo/Info.plist";
				LD_RUNPATH_SEARCH_PATHS = "$(inherited) @executable_path/Frameworks";
				PRODUCT_BUNDLE_IDENTIFIER = "com.buildkite.Buildkite-Fastlane-Demo";
				PRODUCT_NAME = "$(TARGET_NAME)";
			};
			name = Release;
		};
		2218C8011B760198004BCFBC /* Debug */ = {
			isa = XCBuildConfiguration;
			buildSettings = {
				BUNDLE_LOADER = "$(TEST_HOST)";
				INFOPLIST_FILE = "Buildkite Fastlane DemoTests/Info.plist";
				LD_RUNPATH_SEARCH_PATHS = "$(inherited) @executable_path/Frameworks @loader_path/Frameworks";
				PRODUCT_BUNDLE_IDENTIFIER = "com.buildkite.Buildkite-Fastlane-DemoTests";
				PRODUCT_NAME = "$(TARGET_NAME)";
				TEST_HOST = "$(BUILT_PRODUCTS_DIR)/Buildkite Fastlane Demo.app/Buildkite Fastlane Demo";
			};
			name = Debug;
		};
		2218C8021B760198004BCFBC /* Release */ = {
			isa = XCBuildConfiguration;
			buildSettings = {
				BUNDLE_LOADER = "$(TEST_HOST)";
				INFOPLIST_FILE = "Buildkite Fastlane DemoTests/Info.plist";
				LD_RUNPATH_SEARCH_PATHS = "$(inherited) @executable_path/Frameworks @loader_path/Frameworks";
				PRODUCT_BUNDLE_IDENTIFIER = "com.buildkite.Buildkite-Fastlane-DemoTests";
				PRODUCT_NAME = "$(TARGET_NAME)";
				TEST_HOST = "$(BUILT_PRODUCTS_DIR)/Buildkite Fastlane Demo.app/Buildkite Fastlane Demo";
			};
			name = Release;
		};
		2218C8041B760198004BCFBC /* Debug */ = {
			isa = XCBuildConfiguration;
			buildSettings = {
				INFOPLIST_FILE = "Buildkite Fastlane DemoUITests/Info.plist";
				LD_RUNPATH_SEARCH_PATHS = "$(inherited) @executable_path/Frameworks @loader_path/Frameworks";
				PRODUCT_BUNDLE_IDENTIFIER = "com.buildkite.Buildkite-Fastlane-DemoUITests";
				PRODUCT_NAME = "$(TARGET_NAME)";
				TEST_TARGET_NAME = "Buildkite Fastlane Demo";
				USES_XCTRUNNER = YES;
			};
			name = Debug;
		};
		2218C8051B760198004BCFBC /* Release */ = {
			isa = XCBuildConfiguration;
			buildSettings = {
				INFOPLIST_FILE = "Buildkite Fastlane DemoUITests/Info.plist";
				LD_RUNPATH_SEARCH_PATHS = "$(inherited) @executable_path/Frameworks @loader_path/Frameworks";
				PRODUCT_BUNDLE_IDENTIFIER = "com.buildkite.Buildkite-Fastlane-DemoUITests";
				PRODUCT_NAME = "$(TARGET_NAME)";
				TEST_TARGET_NAME = "Buildkite Fastlane Demo";
				USES_XCTRUNNER = YES;
			};
			name = Release;
		};
/* End XCBuildConfiguration section */

/* Begin XCConfigurationList section */
		2218C7D01B760198004BCFBC /* Build configuration list for PBXProject "Buildkite Fastlane Demo" */ = {
			isa = XCConfigurationList;
			buildConfigurations = (
				2218C7FB1B760198004BCFBC /* Debug */,
				2218C7FC1B760198004BCFBC /* Release */,
			);
			defaultConfigurationIsVisible = 0;
			defaultConfigurationName = Release;
		};
		2218C7FD1B760198004BCFBC /* Build configuration list for PBXNativeTarget "Buildkite Fastlane Demo" */ = {
			isa = XCConfigurationList;
			buildConfigurations = (
				2218C7FE1B760198004BCFBC /* Debug */,
				2218C7FF1B760198004BCFBC /* Release */,
			);
			defaultConfigurationIsVisible = 0;
		};
		2218C8001B760198004BCFBC /* Build configuration list for PBXNativeTarget "Buildkite Fastlane DemoTests" */ = {
			isa = XCConfigurationList;
			buildConfigurations = (
				2218C8011B760198004BCFBC /* Debug */,
				2218C8021B760198004BCFBC /* Release */,
			);
			defaultConfigurationIsVisible = 0;
		};
		2218C8031B760198004BCFBC /* Build configuration list for PBXNativeTarget "Buildkite Fastlane DemoUITests" */ = {
			isa = XCConfigurationList;
			buildConfigurations = (
				2218C8041B760198004BCFBC /* Debug */,
				2218C8051B760198004BCFBC /* Release */,
			);
			defaultConfigurationIsVisible = 0;
		};
/* End XCConfigurationList section */
	};
	rootObject = 2218C7CD1B760198004BCFBC /* Project object */;
}
